# THIS IS AN AUTOGENERATED FILE. DO NOT EDIT THIS FILE DIRECTLY.
# yarn lockfile v1


"@babel/core@^7.11.6", "@babel/core@^7.12.3", "@babel/core@^7.23.9":
  version "7.26.10"
  resolved "https://registry.yarnpkg.com/@babel/core/-/core-7.26.10.tgz#5c876f83c8c4dcb233ee4b670c0606f2ac3000f9"
  integrity sha512-vMqyb7XCDMPvJFFOaT9kxtiRh42GwlZEg1/uIgtZshS5a/8OaduUfCi7kynKgc3Tw/6Uo2D+db9qBttghhmxwQ==
  dependencies:
    "@babel/traverse" "^7.26.10"
    convert-source-map "^2.0.0"
    debug "^4.1.0"
    gensync "^1.0.0-beta.2"
    json5 "^2.2.3"
    semver "^6.3.1"


"@babel/traverse@7.27.0", "@babel/traverse@7.6.2", "@babel/traverse@^7.25.9", "@babel/traverse@^7.26.10":
  version "7.27.0"
  resolved "https://registry.yarnpkg.com/@babel/traverse/-/traverse-7.27.0.tgz#11d7e644779e166c0442f9a07274d02cd91d4a70"
  integrity sha512-19lYZFzYVQkkHkl4Cy4WrAVcqBkgvV2YM2TU3xG6DIwO7O3ecbDPfW3yM3bjAGcqcQHi+CCtjMR3dIEHxsd6bA==
  dependencies:
    "@babel/code-frame" "^7.26.2"
    "@babel/generator" "^7.27.0"
    "@babel/parser" "^7.27.0"
    "@babel/template" "^7.27.0"
    "@babel/types" "^7.27.0"
    debug "^4.3.1"
    globals "^11.1.0"


